
Microsoft Visual Studio Solution File, Format Version 12.00
# Visual Studio 15
Project("{FAE04EC0-301F-11D3-BF4B-00C04F79EFBC}") = "Brook.Signalr.Api", "Brook.Signalr.Api\Brook.Signalr.Api.csproj", "{D53231C9-E23F-451C-9365-40B5824C2D7C}"
EndProject
Project("{FAE04EC0-301F-11D3-BF4B-00C04F79EFBC}") = "Brook.Signalr.Web", "Brook.Signalr.Web\Brook.Signalr.Web.csproj", "{50F44B4A-6086-4129-BC26-B894E6535726}"
EndProject
Project("{E53339B2-1760-4266-BCC7-CA923CBCF16C}") = "docker-compose", "docker-compose.dcproj", "{9B6B4BFB-B430-48F2-9C6E-576428A558E4}"
EndProject
Global
	GlobalSection(SolutionConfigurationPlatforms) = preSolution
		Debug|Any CPU = Debug|Any CPU
		Release|Any CPU = Release|Any CPU
	EndGlobalSection
	GlobalSection(ProjectConfigurationPlatforms) = postSolution
		{D53231C9-E23F-451C-9365-40B5824C2D7C}.Debug|Any CPU.ActiveCfg = Debug|Any CPU
		{D53231C9-E23F-451C-9365-40B5824C2D7C}.Debug|Any CPU.Build.0 = Debug|Any CPU
		{D53231C9-E23F-451C-9365-40B5824C2D7C}.Release|Any CPU.ActiveCfg = Release|Any CPU
		{D53231C9-E23F-451C-9365-40B5824C2D7C}.Release|Any CPU.Build.0 = Release|Any CPU
		{50F44B4A-6086-4129-BC26-B894E6535726}.Debug|Any CPU.ActiveCfg = Debug|Any CPU
		{50F44B4A-6086-4129-BC26-B894E6535726}.Debug|Any CPU.Build.0 = Debug|Any CPU
		{50F44B4A-6086-4129-BC26-B894E6535726}.Release|Any CPU.ActiveCfg = Release|Any CPU
		{50F44B4A-6086-4129-BC26-B894E6535726}.Release|Any CPU.Build.0 = Release|Any CPU
		{9B6B4BFB-B430-48F2-9C6E-576428A558E4}.Debug|Any CPU.ActiveCfg = Debug|Any CPU
		{9B6B4BFB-B430-48F2-9C6E-576428A558E4}.Debug|Any CPU.Build.0 = Debug|Any CPU
		{9B6B4BFB-B430-48F2-9C6E-576428A558E4}.Release|Any CPU.ActiveCfg = Release|Any CPU
		{9B6B4BFB-B430-48F2-9C6E-576428A558E4}.Release|Any CPU.Build.0 = Release|Any CPU
	EndGlobalSection
EndGlobal
